
Microsoft Visual Studio Solution File, Format Version 12.00
# Visual Studio Version 17
VisualStudioVersion = 17.3.32804.467
MinimumVisualStudioVersion = 10.0.40219.1
Project("{8BC9CEB8-8B4A-11D0-8D11-00A0C91BC942}") = "BackJoon_practice", "BackJoon_practice\BackJoon_practice.vcxproj", "{9D9C3D0D-4FFE-4F32-9019-D17545BADD76}"
EndProject
Project("{8BC9CEB8-8B4A-11D0-8D11-00A0C91BC942}") = "C_0924", "C_0924\C_0924.vcxproj", "{391E8FB6-4C94-4763-B3BB-D84E3B422A47}"
EndProject
Global
	GlobalSection(SolutionConfigurationPlatforms) = preSolution
		Debug|x64 = Debug|x64
		Debug|x86 = Debug|x86
		Release|x64 = Release|x64
		Release|x86 = Release|x86
	EndGlobalSection
	GlobalSection(ProjectConfigurationPlatforms) = postSolution
		{9D9C3D0D-4FFE-4F32-9019-D17545BADD76}.Debug|x64.ActiveCfg = Debug|x64
		{9D9C3D0D-4FFE-4F32-9019-D17545BADD76}.Debug|x64.Build.0 = Debug|x64
		{9D9C3D0D-4FFE-4F32-9019-D17545BADD76}.Debug|x86.ActiveCfg = Debug|Win32
		{9D9C3D0D-4FFE-4F32-9019-D17545BADD76}.Debug|x86.Build.0 = Debug|Win32
		{9D9C3D0D-4FFE-4F32-9019-D17545BADD76}.Release|x64.ActiveCfg = Release|x64
		{9D9C3D0D-4FFE-4F32-9019-D17545BADD76}.Release|x64.Build.0 = Release|x64
		{9D9C3D0D-4FFE-4F32-9019-D17545BADD76}.Release|x86.ActiveCfg = Release|Win32
		{9D9C3D0D-4FFE-4F32-9019-D17545BADD76}.Release|x86.Build.0 = Release|Win32
		{391E8FB6-4C94-4763-B3BB-D84E3B422A47}.Debug|x64.ActiveCfg = Debug|x64
		{391E8FB6-4C94-4763-B3BB-D84E3B422A47}.Debug|x64.Build.0 = Debug|x64
		{391E8FB6-4C94-4763-B3BB-D84E3B422A47}.Debug|x86.ActiveCfg = Debug|Win32
		{391E8FB6-4C94-4763-B3BB-D84E3B422A47}.Debug|x86.Build.0 = Debug|Win32
		{391E8FB6-4C94-4763-B3BB-D84E3B422A47}.Release|x64.ActiveCfg = Release|x64
		{391E8FB6-4C94-4763-B3BB-D84E3B422A47}.Release|x64.Build.0 = Release|x64
		{391E8FB6-4C94-4763-B3BB-D84E3B422A47}.Release|x86.ActiveCfg = Release|Win32
		{391E8FB6-4C94-4763-B3BB-D84E3B422A47}.Release|x86.Build.0 = Release|Win32
	EndGlobalSection
	GlobalSection(SolutionProperties) = preSolution
		HideSolutionNode = FALSE
	EndGlobalSection
	GlobalSection(ExtensibilityGlobals) = postSolution
		SolutionGuid = {C8EDBF2F-5AB0-4A65-A50C-5BB8CCBD8D99}
	EndGlobalSection
EndGlobal
